
Microsoft Visual Studio Solution File, Format Version 12.00
# Visual Studio 2012
Project("{FAE04EC0-301F-11D3-BF4B-00C04F79EFBC}") = "ALMSistemas", "ALMSistemas\ALMSistemas.csproj", "{1893D40D-7AA4-4E09-ADC8-195C4CEE518E}"
EndProject
Project("{FAE04EC0-301F-11D3-BF4B-00C04F79EFBC}") = "ALMSistemas.Tests", "ALMSistemas.Tests\ALMSistemas.Tests.csproj", "{F5F92568-0E85-434C-81F9-5D132D97A4C6}"
EndProject
Global
	GlobalSection(SolutionConfigurationPlatforms) = preSolution
		Debug|Any CPU = Debug|Any CPU
		Release|Any CPU = Release|Any CPU
	EndGlobalSection
	GlobalSection(ProjectConfigurationPlatforms) = postSolution
		{1893D40D-7AA4-4E09-ADC8-195C4CEE518E}.Debug|Any CPU.ActiveCfg = Debug|Any CPU
		{1893D40D-7AA4-4E09-ADC8-195C4CEE518E}.Debug|Any CPU.Build.0 = Debug|Any CPU
		{1893D40D-7AA4-4E09-ADC8-195C4CEE518E}.Release|Any CPU.ActiveCfg = Release|Any CPU
		{1893D40D-7AA4-4E09-ADC8-195C4CEE518E}.Release|Any CPU.Build.0 = Release|Any CPU
		{F5F92568-0E85-434C-81F9-5D132D97A4C6}.Debug|Any CPU.ActiveCfg = Debug|Any CPU
		{F5F92568-0E85-434C-81F9-5D132D97A4C6}.Debug|Any CPU.Build.0 = Debug|Any CPU
		{F5F92568-0E85-434C-81F9-5D132D97A4C6}.Release|Any CPU.ActiveCfg = Release|Any CPU
		{F5F92568-0E85-434C-81F9-5D132D97A4C6}.Release|Any CPU.Build.0 = Release|Any CPU
	EndGlobalSection
	GlobalSection(SolutionProperties) = preSolution
		HideSolutionNode = FALSE
	EndGlobalSection
EndGlobal
